// !$*UTF8*$!
{
	archiveVersion = 1;
	classes = {
	};
	objectVersion = 54;
	objects = {

/* Begin PBXBuildFile section */
		00E356F31AD99517003FC87E /* MeteorBoilerplateTests.m in Sources */ = {isa = PBXBuildFile; fileRef = 00E356F21AD99517003FC87E /* MeteorBoilerplateTests.m */; };
		0C80B921A6F3F58F76C31292 /* libPods-MeteorBoilerplate.a in Frameworks */ = {isa = PBXBuildFile; fileRef = 5DCACB8F33CDC322A6C60F78 /* libPods-MeteorBoilerplate.a */; };
		13B07FBC1A68108700A75B9A /* AppDelegate.mm in Sources */ = {isa = PBXBuildFile; fileRef = 13B07FB01A68108700A75B9A /* AppDelegate.mm */; };
		13B07FBF1A68108700A75B9A /* Images.xcassets in Resources */ = {isa = PBXBuildFile; fileRef = 13B07FB51A68108700A75B9A /* Images.xcassets */; };
		13B07FC11A68108700A75B9A /* main.m in Sources */ = {isa = PBXBuildFile; fileRef = 13B07FB71A68108700A75B9A /* main.m */; };
		16837202FA7D4934B99A92BE /* Montserrat-Italic.ttf in Resources */ = {isa = PBXBuildFile; fileRef = 40C84CEEC1514C7F9CD38FE9 /* Montserrat-Italic.ttf */; };
		339FD7E80C6B407A97887496 /* Montserrat-MediumItalic.ttf in Resources */ = {isa = PBXBuildFile; fileRef = 13F630AD73614C939E1E457F /* Montserrat-MediumItalic.ttf */; };
		3899DE3F2E6B4B0386514AF6 /* Montserrat-Thin.ttf in Resources */ = {isa = PBXBuildFile; fileRef = 6AD3E4E9466B48E3A10737B1 /* Montserrat-Thin.ttf */; };
		3D3334B985F74E11A5299421 /* Montserrat-Light.ttf in Resources */ = {isa = PBXBuildFile; fileRef = 71162091118845F4859BDE23 /* Montserrat-Light.ttf */; };
		3FBC064800BC4C3597863A56 /* Montserrat-ExtraBoldItalic.ttf in Resources */ = {isa = PBXBuildFile; fileRef = 7E949427F45145FFB15A7504 /* Montserrat-ExtraBoldItalic.ttf */; };
		68922CD84E934740BCB8805F /* Montserrat-ExtraLightItalic.ttf in Resources */ = {isa = PBXBuildFile; fileRef = E5E3398CBAC14535B3B040CF /* Montserrat-ExtraLightItalic.ttf */; };
		68D611F52CF34838AE79D624 /* Montserrat-SemiBoldItalic.ttf in Resources */ = {isa = PBXBuildFile; fileRef = B11BEC24692B4F43AEF55AD2 /* Montserrat-SemiBoldItalic.ttf */; };
		716C910372604F07B888714B /* Montserrat-LightItalic.ttf in Resources */ = {isa = PBXBuildFile; fileRef = 830F48FAA87F48D9BBD03D2A /* Montserrat-LightItalic.ttf */; };
		7699B88040F8A987B510C191 /* libPods-MeteorBoilerplate-MeteorBoilerplateTests.a in Frameworks */ = {isa = PBXBuildFile; fileRef = 19F6CBCC0A4E27FBF8BF4A61 /* libPods-MeteorBoilerplate-MeteorBoilerplateTests.a */; };
		81AB9BB82411601600AC10FF /* LaunchScreen.storyboard in Resources */ = {isa = PBXBuildFile; fileRef = 81AB9BB72411601600AC10FF /* LaunchScreen.storyboard */; };
		981AB093C6394403B7A6213F /* Montserrat-ExtraLight.ttf in Resources */ = {isa = PBXBuildFile; fileRef = 902A448CB6BF4E53B975AA12 /* Montserrat-ExtraLight.ttf */; };
		B88E4A864A594D798215BCCF /* Montserrat-SemiBold.ttf in Resources */ = {isa = PBXBuildFile; fileRef = 8D1AC0E6C10E41329727E748 /* Montserrat-SemiBold.ttf */; };
		CB054E3EFBD2441B83AFC5D6 /* Montserrat-BoldItalic.ttf in Resources */ = {isa = PBXBuildFile; fileRef = 8C9DBB37B94A4BF8AF112752 /* Montserrat-BoldItalic.ttf */; };
		D2ABD19C857F48E0819DDA70 /* Montserrat-BlackItalic.ttf in Resources */ = {isa = PBXBuildFile; fileRef = F64D11DD1B5F4D8DBB1D0F6D /* Montserrat-BlackItalic.ttf */; };
		D6E55B4BEC7B4C10BB34624B /* Montserrat-Medium.ttf in Resources */ = {isa = PBXBuildFile; fileRef = FEB1E29B1BBC45F2BBBC9EAC /* Montserrat-Medium.ttf */; };
		D8C3BBAE2AC1342D000C94CC /* Fontisto.ttf in Resources */ = {isa = PBXBuildFile; fileRef = D8C3BB9B2AC1342D000C94CC /* Fontisto.ttf */; };
		D8C3BBAF2AC1342D000C94CC /* Octicons.ttf in Resources */ = {isa = PBXBuildFile; fileRef = D8C3BB9C2AC1342D000C94CC /* Octicons.ttf */; };
		D8C3BBB02AC1342D000C94CC /* Feather.ttf in Resources */ = {isa = PBXBuildFile; fileRef = D8C3BB9D2AC1342D000C94CC /* Feather.ttf */; };
		D8C3BBB12AC1342D000C94CC /* FontAwesome6_Regular.ttf in Resources */ = {isa = PBXBuildFile; fileRef = D8C3BB9E2AC1342D000C94CC /* FontAwesome6_Regular.ttf */; };
		D8C3BBB22AC1342D000C94CC /* Entypo.ttf in Resources */ = {isa = PBXBuildFile; fileRef = D8C3BB9F2AC1342D000C94CC /* Entypo.ttf */; };
		D8C3BBB32AC1342D000C94CC /* FontAwesome5_Brands.ttf in Resources */ = {isa = PBXBuildFile; fileRef = D8C3BBA02AC1342D000C94CC /* FontAwesome5_Brands.ttf */; };
		D8C3BBB42AC1342D000C94CC /* MaterialCommunityIcons.ttf in Resources */ = {isa = PBXBuildFile; fileRef = D8C3BBA12AC1342D000C94CC /* MaterialCommunityIcons.ttf */; };
		D8C3BBB52AC1342D000C94CC /* AntDesign.ttf in Resources */ = {isa = PBXBuildFile; fileRef = D8C3BBA22AC1342D000C94CC /* AntDesign.ttf */; };
		D8C3BBB62AC1342D000C94CC /* Foundation.ttf in Resources */ = {isa = PBXBuildFile; fileRef = D8C3BBA32AC1342D000C94CC /* Foundation.ttf */; };
		D8C3BBB72AC1342D000C94CC /* Ionicons.ttf in Resources */ = {isa = PBXBuildFile; fileRef = D8C3BBA42AC1342D000C94CC /* Ionicons.ttf */; };
		D8C3BBB82AC1342D000C94CC /* FontAwesome5_Solid.ttf in Resources */ = {isa = PBXBuildFile; fileRef = D8C3BBA52AC1342D000C94CC /* FontAwesome5_Solid.ttf */; };
		D8C3BBB92AC1342D000C94CC /* FontAwesome5_Regular.ttf in Resources */ = {isa = PBXBuildFile; fileRef = D8C3BBA62AC1342D000C94CC /* FontAwesome5_Regular.ttf */; };
		D8C3BBBA2AC1342D000C94CC /* FontAwesome.ttf in Resources */ = {isa = PBXBuildFile; fileRef = D8C3BBA72AC1342D000C94CC /* FontAwesome.ttf */; };
		D8C3BBBB2AC1342D000C94CC /* Zocial.ttf in Resources */ = {isa = PBXBuildFile; fileRef = D8C3BBA82AC1342D000C94CC /* Zocial.ttf */; };
		D8C3BBBC2AC1342D000C94CC /* EvilIcons.ttf in Resources */ = {isa = PBXBuildFile; fileRef = D8C3BBA92AC1342D000C94CC /* EvilIcons.ttf */; };
		D8C3BBBD2AC1342D000C94CC /* FontAwesome6_Solid.ttf in Resources */ = {isa = PBXBuildFile; fileRef = D8C3BBAA2AC1342D000C94CC /* FontAwesome6_Solid.ttf */; };
		D8C3BBBE2AC1342D000C94CC /* SimpleLineIcons.ttf in Resources */ = {isa = PBXBuildFile; fileRef = D8C3BBAB2AC1342D000C94CC /* SimpleLineIcons.ttf */; };
		D8C3BBBF2AC1342D000C94CC /* FontAwesome6_Brands.ttf in Resources */ = {isa = PBXBuildFile; fileRef = D8C3BBAC2AC1342D000C94CC /* FontAwesome6_Brands.ttf */; };
		D8C3BBC02AC1342D000C94CC /* MaterialIcons.ttf in Resources */ = {isa = PBXBuildFile; fileRef = D8C3BBAD2AC1342D000C94CC /* MaterialIcons.ttf */; };
		D94477E8ABC842919113D0A0 /* Montserrat-ThinItalic.ttf in Resources */ = {isa = PBXBuildFile; fileRef = 6DFF15819D064617B79854B1 /* Montserrat-ThinItalic.ttf */; };
		E10E266F0706464EB2E9ACAD /* Montserrat-ExtraBold.ttf in Resources */ = {isa = PBXBuildFile; fileRef = 3036BFEE39B64C45AFAC20B9 /* Montserrat-ExtraBold.ttf */; };
		E7166730158E4A7BA8057CCC /* Montserrat-Black.ttf in Resources */ = {isa = PBXBuildFile; fileRef = C129A0CE75C54D9CA34A1E52 /* Montserrat-Black.ttf */; };
		EB26FF2092FD496596D5B087 /* Montserrat-Bold.ttf in Resources */ = {isa = PBXBuildFile; fileRef = 69B9F7646B1643B4B0278633 /* Montserrat-Bold.ttf */; };
		ED4C059719A94A51AB8B01F2 /* Montserrat-Regular.ttf in Resources */ = {isa = PBXBuildFile; fileRef = F2ED0AA660C64F0EB5931358 /* Montserrat-Regular.ttf */; };
/* End PBXBuildFile section */

/* Begin PBXContainerItemProxy section */
		00E356F41AD99517003FC87E /* PBXContainerItemProxy */ = {
			isa = PBXContainerItemProxy;
			containerPortal = 83CBB9F71A601CBA00E9B192 /* Project object */;
			proxyType = 1;
			remoteGlobalIDString = 13B07F861A680F5B00A75B9A;
			remoteInfo = MeteorBoilerplate;
		};
/* End PBXContainerItemProxy section */

/* Begin PBXFileReference section */
		00E356EE1AD99517003FC87E /* MeteorBoilerplateTests.xctest */ = {isa = PBXFileReference; explicitFileType = wrapper.cfbundle; includeInIndex = 0; path = MeteorBoilerplateTests.xctest; sourceTree = BUILT_PRODUCTS_DIR; };
		00E356F11AD99517003FC87E /* Info.plist */ = {isa = PBXFileReference; lastKnownFileType = text.plist.xml; path = Info.plist; sourceTree = "<group>"; };
		00E356F21AD99517003FC87E /* MeteorBoilerplateTests.m */ = {isa = PBXFileReference; lastKnownFileType = sourcecode.c.objc; path = MeteorBoilerplateTests.m; sourceTree = "<group>"; };
		13B07F961A680F5B00A75B9A /* MeteorBoilerplate.app */ = {isa = PBXFileReference; explicitFileType = wrapper.application; includeInIndex = 0; path = MeteorBoilerplate.app; sourceTree = BUILT_PRODUCTS_DIR; };
		13B07FAF1A68108700A75B9A /* AppDelegate.h */ = {isa = PBXFileReference; fileEncoding = 4; lastKnownFileType = sourcecode.c.h; name = AppDelegate.h; path = MeteorBoilerplate/AppDelegate.h; sourceTree = "<group>"; };
		13B07FB01A68108700A75B9A /* AppDelegate.mm */ = {isa = PBXFileReference; fileEncoding = 4; lastKnownFileType = sourcecode.cpp.objcpp; name = AppDelegate.mm; path = MeteorBoilerplate/AppDelegate.mm; sourceTree = "<group>"; };
		13B07FB51A68108700A75B9A /* Images.xcassets */ = {isa = PBXFileReference; lastKnownFileType = folder.assetcatalog; name = Images.xcassets; path = MeteorBoilerplate/Images.xcassets; sourceTree = "<group>"; };
		13B07FB61A68108700A75B9A /* Info.plist */ = {isa = PBXFileReference; fileEncoding = 4; lastKnownFileType = text.plist.xml; name = Info.plist; path = MeteorBoilerplate/Info.plist; sourceTree = "<group>"; };
		13B07FB71A68108700A75B9A /* main.m */ = {isa = PBXFileReference; fileEncoding = 4; lastKnownFileType = sourcecode.c.objc; name = main.m; path = MeteorBoilerplate/main.m; sourceTree = "<group>"; };
		13F630AD73614C939E1E457F /* Montserrat-MediumItalic.ttf */ = {isa = PBXFileReference; explicitFileType = undefined; fileEncoding = 9; includeInIndex = 0; lastKnownFileType = unknown; name = "Montserrat-MediumItalic.ttf"; path = "../src/assets/fonts/Montserrat-MediumItalic.ttf"; sourceTree = "<group>"; };
		19F6CBCC0A4E27FBF8BF4A61 /* libPods-MeteorBoilerplate-MeteorBoilerplateTests.a */ = {isa = PBXFileReference; explicitFileType = archive.ar; includeInIndex = 0; path = "libPods-MeteorBoilerplate-MeteorBoilerplateTests.a"; sourceTree = BUILT_PRODUCTS_DIR; };
		3036BFEE39B64C45AFAC20B9 /* Montserrat-ExtraBold.ttf */ = {isa = PBXFileReference; explicitFileType = undefined; fileEncoding = 9; includeInIndex = 0; lastKnownFileType = unknown; name = "Montserrat-ExtraBold.ttf"; path = "../src/assets/fonts/Montserrat-ExtraBold.ttf"; sourceTree = "<group>"; };
		3B4392A12AC88292D35C810B /* Pods-MeteorBoilerplate.debug.xcconfig */ = {isa = PBXFileReference; includeInIndex = 1; lastKnownFileType = text.xcconfig; name = "Pods-MeteorBoilerplate.debug.xcconfig"; path = "Target Support Files/Pods-MeteorBoilerplate/Pods-MeteorBoilerplate.debug.xcconfig"; sourceTree = "<group>"; };
		40C84CEEC1514C7F9CD38FE9 /* Montserrat-Italic.ttf */ = {isa = PBXFileReference; explicitFileType = undefined; fileEncoding = 9; includeInIndex = 0; lastKnownFileType = unknown; name = "Montserrat-Italic.ttf"; path = "../src/assets/fonts/Montserrat-Italic.ttf"; sourceTree = "<group>"; };
		5709B34CF0A7D63546082F79 /* Pods-MeteorBoilerplate.release.xcconfig */ = {isa = PBXFileReference; includeInIndex = 1; lastKnownFileType = text.xcconfig; name = "Pods-MeteorBoilerplate.release.xcconfig"; path = "Target Support Files/Pods-MeteorBoilerplate/Pods-MeteorBoilerplate.release.xcconfig"; sourceTree = "<group>"; };
		5B7EB9410499542E8C5724F5 /* Pods-MeteorBoilerplate-MeteorBoilerplateTests.debug.xcconfig */ = {isa = PBXFileReference; includeInIndex = 1; lastKnownFileType = text.xcconfig; name = "Pods-MeteorBoilerplate-MeteorBoilerplateTests.debug.xcconfig"; path = "Target Support Files/Pods-MeteorBoilerplate-MeteorBoilerplateTests/Pods-MeteorBoilerplate-MeteorBoilerplateTests.debug.xcconfig"; sourceTree = "<group>"; };
		5DCACB8F33CDC322A6C60F78 /* libPods-MeteorBoilerplate.a */ = {isa = PBXFileReference; explicitFileType = archive.ar; includeInIndex = 0; path = "libPods-MeteorBoilerplate.a"; sourceTree = BUILT_PRODUCTS_DIR; };
		69B9F7646B1643B4B0278633 /* Montserrat-Bold.ttf */ = {isa = PBXFileReference; explicitFileType = undefined; fileEncoding = 9; includeInIndex = 0; lastKnownFileType = unknown; name = "Montserrat-Bold.ttf"; path = "../src/assets/fonts/Montserrat-Bold.ttf"; sourceTree = "<group>"; };
		6AD3E4E9466B48E3A10737B1 /* Montserrat-Thin.ttf */ = {isa = PBXFileReference; explicitFileType = undefined; fileEncoding = 9; includeInIndex = 0; lastKnownFileType = unknown; name = "Montserrat-Thin.ttf"; path = "../src/assets/fonts/Montserrat-Thin.ttf"; sourceTree = "<group>"; };
		6DFF15819D064617B79854B1 /* Montserrat-ThinItalic.ttf */ = {isa = PBXFileReference; explicitFileType = undefined; fileEncoding = 9; includeInIndex = 0; lastKnownFileType = unknown; name = "Montserrat-ThinItalic.ttf"; path = "../src/assets/fonts/Montserrat-ThinItalic.ttf"; sourceTree = "<group>"; };
		71162091118845F4859BDE23 /* Montserrat-Light.ttf */ = {isa = PBXFileReference; explicitFileType = undefined; fileEncoding = 9; includeInIndex = 0; lastKnownFileType = unknown; name = "Montserrat-Light.ttf"; path = "../src/assets/fonts/Montserrat-Light.ttf"; sourceTree = "<group>"; };
		7E949427F45145FFB15A7504 /* Montserrat-ExtraBoldItalic.ttf */ = {isa = PBXFileReference; explicitFileType = undefined; fileEncoding = 9; includeInIndex = 0; lastKnownFileType = unknown; name = "Montserrat-ExtraBoldItalic.ttf"; path = "../src/assets/fonts/Montserrat-ExtraBoldItalic.ttf"; sourceTree = "<group>"; };
		81AB9BB72411601600AC10FF /* LaunchScreen.storyboard */ = {isa = PBXFileReference; fileEncoding = 4; lastKnownFileType = file.storyboard; name = LaunchScreen.storyboard; path = MeteorBoilerplate/LaunchScreen.storyboard; sourceTree = "<group>"; };
		830F48FAA87F48D9BBD03D2A /* Montserrat-LightItalic.ttf */ = {isa = PBXFileReference; explicitFileType = undefined; fileEncoding = 9; includeInIndex = 0; lastKnownFileType = unknown; name = "Montserrat-LightItalic.ttf"; path = "../src/assets/fonts/Montserrat-LightItalic.ttf"; sourceTree = "<group>"; };
		89C6BE57DB24E9ADA2F236DE /* Pods-MeteorBoilerplate-MeteorBoilerplateTests.release.xcconfig */ = {isa = PBXFileReference; includeInIndex = 1; lastKnownFileType = text.xcconfig; name = "Pods-MeteorBoilerplate-MeteorBoilerplateTests.release.xcconfig"; path = "Target Support Files/Pods-MeteorBoilerplate-MeteorBoilerplateTests/Pods-MeteorBoilerplate-MeteorBoilerplateTests.release.xcconfig"; sourceTree = "<group>"; };
		8C9DBB37B94A4BF8AF112752 /* Montserrat-BoldItalic.ttf */ = {isa = PBXFileReference; explicitFileType = undefined; fileEncoding = 9; includeInIndex = 0; lastKnownFileType = unknown; name = "Montserrat-BoldItalic.ttf"; path = "../src/assets/fonts/Montserrat-BoldItalic.ttf"; sourceTree = "<group>"; };
		8D1AC0E6C10E41329727E748 /* Montserrat-SemiBold.ttf */ = {isa = PBXFileReference; explicitFileType = undefined; fileEncoding = 9; includeInIndex = 0; lastKnownFileType = unknown; name = "Montserrat-SemiBold.ttf"; path = "../src/assets/fonts/Montserrat-SemiBold.ttf"; sourceTree = "<group>"; };
		902A448CB6BF4E53B975AA12 /* Montserrat-ExtraLight.ttf */ = {isa = PBXFileReference; explicitFileType = undefined; fileEncoding = 9; includeInIndex = 0; lastKnownFileType = unknown; name = "Montserrat-ExtraLight.ttf"; path = "../src/assets/fonts/Montserrat-ExtraLight.ttf"; sourceTree = "<group>"; };
		B11BEC24692B4F43AEF55AD2 /* Montserrat-SemiBoldItalic.ttf */ = {isa = PBXFileReference; explicitFileType = undefined; fileEncoding = 9; includeInIndex = 0; lastKnownFileType = unknown; name = "Montserrat-SemiBoldItalic.ttf"; path = "../src/assets/fonts/Montserrat-SemiBoldItalic.ttf"; sourceTree = "<group>"; };
		C129A0CE75C54D9CA34A1E52 /* Montserrat-Black.ttf */ = {isa = PBXFileReference; explicitFileType = undefined; fileEncoding = 9; includeInIndex = 0; lastKnownFileType = unknown; name = "Montserrat-Black.ttf"; path = "../src/assets/fonts/Montserrat-Black.ttf"; sourceTree = "<group>"; };
		D8C3BB9B2AC1342D000C94CC /* Fontisto.ttf */ = {isa = PBXFileReference; lastKnownFileType = file; path = Fontisto.ttf; sourceTree = "<group>"; };
		D8C3BB9C2AC1342D000C94CC /* Octicons.ttf */ = {isa = PBXFileReference; lastKnownFileType = file; path = Octicons.ttf; sourceTree = "<group>"; };
		D8C3BB9D2AC1342D000C94CC /* Feather.ttf */ = {isa = PBXFileReference; lastKnownFileType = file; path = Feather.ttf; sourceTree = "<group>"; };
		D8C3BB9E2AC1342D000C94CC /* FontAwesome6_Regular.ttf */ = {isa = PBXFileReference; lastKnownFileType = file; path = FontAwesome6_Regular.ttf; sourceTree = "<group>"; };
		D8C3BB9F2AC1342D000C94CC /* Entypo.ttf */ = {isa = PBXFileReference; lastKnownFileType = file; path = Entypo.ttf; sourceTree = "<group>"; };
		D8C3BBA02AC1342D000C94CC /* FontAwesome5_Brands.ttf */ = {isa = PBXFileReference; lastKnownFileType = file; path = FontAwesome5_Brands.ttf; sourceTree = "<group>"; };
		D8C3BBA12AC1342D000C94CC /* MaterialCommunityIcons.ttf */ = {isa = PBXFileReference; lastKnownFileType = file; path = MaterialCommunityIcons.ttf; sourceTree = "<group>"; };
		D8C3BBA22AC1342D000C94CC /* AntDesign.ttf */ = {isa = PBXFileReference; lastKnownFileType = file; path = AntDesign.ttf; sourceTree = "<group>"; };
		D8C3BBA32AC1342D000C94CC /* Foundation.ttf */ = {isa = PBXFileReference; lastKnownFileType = file; path = Foundation.ttf; sourceTree = "<group>"; };
		D8C3BBA42AC1342D000C94CC /* Ionicons.ttf */ = {isa = PBXFileReference; lastKnownFileType = file; path = Ionicons.ttf; sourceTree = "<group>"; };
		D8C3BBA52AC1342D000C94CC /* FontAwesome5_Solid.ttf */ = {isa = PBXFileReference; lastKnownFileType = file; path = FontAwesome5_Solid.ttf; sourceTree = "<group>"; };
		D8C3BBA62AC1342D000C94CC /* FontAwesome5_Regular.ttf */ = {isa = PBXFileReference; lastKnownFileType = file; path = FontAwesome5_Regular.ttf; sourceTree = "<group>"; };
		D8C3BBA72AC1342D000C94CC /* FontAwesome.ttf */ = {isa = PBXFileReference; lastKnownFileType = file; path = FontAwesome.ttf; sourceTree = "<group>"; };
		D8C3BBA82AC1342D000C94CC /* Zocial.ttf */ = {isa = PBXFileReference; lastKnownFileType = file; path = Zocial.ttf; sourceTree = "<group>"; };
		D8C3BBA92AC1342D000C94CC /* EvilIcons.ttf */ = {isa = PBXFileReference; lastKnownFileType = file; path = EvilIcons.ttf; sourceTree = "<group>"; };
		D8C3BBAA2AC1342D000C94CC /* FontAwesome6_Solid.ttf */ = {isa = PBXFileReference; lastKnownFileType = file; path = FontAwesome6_Solid.ttf; sourceTree = "<group>"; };
		D8C3BBAB2AC1342D000C94CC /* SimpleLineIcons.ttf */ = {isa = PBXFileReference; lastKnownFileType = file; path = SimpleLineIcons.ttf; sourceTree = "<group>"; };
		D8C3BBAC2AC1342D000C94CC /* FontAwesome6_Brands.ttf */ = {isa = PBXFileReference; lastKnownFileType = file; path = FontAwesome6_Brands.ttf; sourceTree = "<group>"; };
		D8C3BBAD2AC1342D000C94CC /* MaterialIcons.ttf */ = {isa = PBXFileReference; lastKnownFileType = file; path = MaterialIcons.ttf; sourceTree = "<group>"; };
		E5E3398CBAC14535B3B040CF /* Montserrat-ExtraLightItalic.ttf */ = {isa = PBXFileReference; explicitFileType = undefined; fileEncoding = 9; includeInIndex = 0; lastKnownFileType = unknown; name = "Montserrat-ExtraLightItalic.ttf"; path = "../src/assets/fonts/Montserrat-ExtraLightItalic.ttf"; sourceTree = "<group>"; };
		ED297162215061F000B7C4FE /* JavaScriptCore.framework */ = {isa = PBXFileReference; lastKnownFileType = wrapper.framework; name = JavaScriptCore.framework; path = System/Library/Frameworks/JavaScriptCore.framework; sourceTree = SDKROOT; };
		F2ED0AA660C64F0EB5931358 /* Montserrat-Regular.ttf */ = {isa = PBXFileReference; explicitFileType = undefined; fileEncoding = 9; includeInIndex = 0; lastKnownFileType = unknown; name = "Montserrat-Regular.ttf"; path = "../src/assets/fonts/Montserrat-Regular.ttf"; sourceTree = "<group>"; };
		F64D11DD1B5F4D8DBB1D0F6D /* Montserrat-BlackItalic.ttf */ = {isa = PBXFileReference; explicitFileType = undefined; fileEncoding = 9; includeInIndex = 0; lastKnownFileType = unknown; name = "Montserrat-BlackItalic.ttf"; path = "../src/assets/fonts/Montserrat-BlackItalic.ttf"; sourceTree = "<group>"; };
		FEB1E29B1BBC45F2BBBC9EAC /* Montserrat-Medium.ttf */ = {isa = PBXFileReference; explicitFileType = undefined; fileEncoding = 9; includeInIndex = 0; lastKnownFileType = unknown; name = "Montserrat-Medium.ttf"; path = "../src/assets/fonts/Montserrat-Medium.ttf"; sourceTree = "<group>"; };
/* End PBXFileReference section */

/* Begin PBXFrameworksBuildPhase section */
		00E356EB1AD99517003FC87E /* Frameworks */ = {
			isa = PBXFrameworksBuildPhase;
			buildActionMask = 2147483647;
			files = (
				7699B88040F8A987B510C191 /* libPods-MeteorBoilerplate-MeteorBoilerplateTests.a in Frameworks */,
			);
			runOnlyForDeploymentPostprocessing = 0;
		};
		13B07F8C1A680F5B00A75B9A /* Frameworks */ = {
			isa = PBXFrameworksBuildPhase;
			buildActionMask = 2147483647;
			files = (
				0C80B921A6F3F58F76C31292 /* libPods-MeteorBoilerplate.a in Frameworks */,
			);
			runOnlyForDeploymentPostprocessing = 0;
		};
/* End PBXFrameworksBuildPhase section */

/* Begin PBXGroup section */
		00E356EF1AD99517003FC87E /* MeteorBoilerplateTests */ = {
			isa = PBXGroup;
			children = (
				00E356F21AD99517003FC87E /* MeteorBoilerplateTests.m */,
				00E356F01AD99517003FC87E /* Supporting Files */,
			);
			path = MeteorBoilerplateTests;
			sourceTree = "<group>";
		};
		00E356F01AD99517003FC87E /* Supporting Files */ = {
			isa = PBXGroup;
			children = (
				00E356F11AD99517003FC87E /* Info.plist */,
			);
			name = "Supporting Files";
			sourceTree = "<group>";
		};
		13B07FAE1A68108700A75B9A /* MeteorBoilerplate */ = {
			isa = PBXGroup;
			children = (
				D8C3BB9A2AC1342D000C94CC /* Fonts */,
				13B07FAF1A68108700A75B9A /* AppDelegate.h */,
				13B07FB01A68108700A75B9A /* AppDelegate.mm */,
				13B07FB51A68108700A75B9A /* Images.xcassets */,
				13B07FB61A68108700A75B9A /* Info.plist */,
				81AB9BB72411601600AC10FF /* LaunchScreen.storyboard */,
				13B07FB71A68108700A75B9A /* main.m */,
			);
			name = MeteorBoilerplate;
			sourceTree = "<group>";
		};
		2D16E6871FA4F8E400B85C8A /* Frameworks */ = {
			isa = PBXGroup;
			children = (
				ED297162215061F000B7C4FE /* JavaScriptCore.framework */,
				5DCACB8F33CDC322A6C60F78 /* libPods-MeteorBoilerplate.a */,
				19F6CBCC0A4E27FBF8BF4A61 /* libPods-MeteorBoilerplate-MeteorBoilerplateTests.a */,
			);
			name = Frameworks;
			sourceTree = "<group>";
		};
		670BBF1716EE4449B28DE3F9 /* Resources */ = {
			isa = PBXGroup;
			children = (
				C129A0CE75C54D9CA34A1E52 /* Montserrat-Black.ttf */,
				F64D11DD1B5F4D8DBB1D0F6D /* Montserrat-BlackItalic.ttf */,
				69B9F7646B1643B4B0278633 /* Montserrat-Bold.ttf */,
				8C9DBB37B94A4BF8AF112752 /* Montserrat-BoldItalic.ttf */,
				3036BFEE39B64C45AFAC20B9 /* Montserrat-ExtraBold.ttf */,
				7E949427F45145FFB15A7504 /* Montserrat-ExtraBoldItalic.ttf */,
				902A448CB6BF4E53B975AA12 /* Montserrat-ExtraLight.ttf */,
				E5E3398CBAC14535B3B040CF /* Montserrat-ExtraLightItalic.ttf */,
				40C84CEEC1514C7F9CD38FE9 /* Montserrat-Italic.ttf */,
				71162091118845F4859BDE23 /* Montserrat-Light.ttf */,
				830F48FAA87F48D9BBD03D2A /* Montserrat-LightItalic.ttf */,
				FEB1E29B1BBC45F2BBBC9EAC /* Montserrat-Medium.ttf */,
				13F630AD73614C939E1E457F /* Montserrat-MediumItalic.ttf */,
				F2ED0AA660C64F0EB5931358 /* Montserrat-Regular.ttf */,
				8D1AC0E6C10E41329727E748 /* Montserrat-SemiBold.ttf */,
				B11BEC24692B4F43AEF55AD2 /* Montserrat-SemiBoldItalic.ttf */,
				6AD3E4E9466B48E3A10737B1 /* Montserrat-Thin.ttf */,
				6DFF15819D064617B79854B1 /* Montserrat-ThinItalic.ttf */,
			);
			name = Resources;
			sourceTree = "<group>";
		};
		832341AE1AAA6A7D00B99B32 /* Libraries */ = {
			isa = PBXGroup;
			children = (
			);
			name = Libraries;
			sourceTree = "<group>";
		};
		83CBB9F61A601CBA00E9B192 = {
			isa = PBXGroup;
			children = (
				13B07FAE1A68108700A75B9A /* MeteorBoilerplate */,
				832341AE1AAA6A7D00B99B32 /* Libraries */,
				00E356EF1AD99517003FC87E /* MeteorBoilerplateTests */,
				83CBBA001A601CBA00E9B192 /* Products */,
				2D16E6871FA4F8E400B85C8A /* Frameworks */,
				BBD78D7AC51CEA395F1C20DB /* Pods */,
				670BBF1716EE4449B28DE3F9 /* Resources */,
			);
			indentWidth = 2;
			sourceTree = "<group>";
			tabWidth = 2;
			usesTabs = 0;
		};
		83CBBA001A601CBA00E9B192 /* Products */ = {
			isa = PBXGroup;
			children = (
				13B07F961A680F5B00A75B9A /* MeteorBoilerplate.app */,
				00E356EE1AD99517003FC87E /* MeteorBoilerplateTests.xctest */,
			);
			name = Products;
			sourceTree = "<group>";
		};
		BBD78D7AC51CEA395F1C20DB /* Pods */ = {
			isa = PBXGroup;
			children = (
				3B4392A12AC88292D35C810B /* Pods-MeteorBoilerplate.debug.xcconfig */,
				5709B34CF0A7D63546082F79 /* Pods-MeteorBoilerplate.release.xcconfig */,
				5B7EB9410499542E8C5724F5 /* Pods-MeteorBoilerplate-MeteorBoilerplateTests.debug.xcconfig */,
				89C6BE57DB24E9ADA2F236DE /* Pods-MeteorBoilerplate-MeteorBoilerplateTests.release.xcconfig */,
			);
			path = Pods;
			sourceTree = "<group>";
		};
		D8C3BB9A2AC1342D000C94CC /* Fonts */ = {
			isa = PBXGroup;
			children = (
				D8C3BB9B2AC1342D000C94CC /* Fontisto.ttf */,
				D8C3BB9C2AC1342D000C94CC /* Octicons.ttf */,
				D8C3BB9D2AC1342D000C94CC /* Feather.ttf */,
				D8C3BB9E2AC1342D000C94CC /* FontAwesome6_Regular.ttf */,
				D8C3BB9F2AC1342D000C94CC /* Entypo.ttf */,
				D8C3BBA02AC1342D000C94CC /* FontAwesome5_Brands.ttf */,
				D8C3BBA12AC1342D000C94CC /* MaterialCommunityIcons.ttf */,
				D8C3BBA22AC1342D000C94CC /* AntDesign.ttf */,
				D8C3BBA32AC1342D000C94CC /* Foundation.ttf */,
				D8C3BBA42AC1342D000C94CC /* Ionicons.ttf */,
				D8C3BBA52AC1342D000C94CC /* FontAwesome5_Solid.ttf */,
				D8C3BBA62AC1342D000C94CC /* FontAwesome5_Regular.ttf */,
				D8C3BBA72AC1342D000C94CC /* FontAwesome.ttf */,
				D8C3BBA82AC1342D000C94CC /* Zocial.ttf */,
				D8C3BBA92AC1342D000C94CC /* EvilIcons.ttf */,
				D8C3BBAA2AC1342D000C94CC /* FontAwesome6_Solid.ttf */,
				D8C3BBAB2AC1342D000C94CC /* SimpleLineIcons.ttf */,
				D8C3BBAC2AC1342D000C94CC /* FontAwesome6_Brands.ttf */,
				D8C3BBAD2AC1342D000C94CC /* MaterialIcons.ttf */,
			);
			name = Fonts;
			path = "../node_modules/react-native-vector-icons/Fonts";
			sourceTree = "<group>";
		};
/* End PBXGroup section */

/* Begin PBXNativeTarget section */
		00E356ED1AD99517003FC87E /* MeteorBoilerplateTests */ = {
			isa = PBXNativeTarget;
			buildConfigurationList = 00E357021AD99517003FC87E /* Build configuration list for PBXNativeTarget "MeteorBoilerplateTests" */;
			buildPhases = (
				A55EABD7B0C7F3A422A6CC61 /* [CP] Check Pods Manifest.lock */,
				00E356EA1AD99517003FC87E /* Sources */,
				00E356EB1AD99517003FC87E /* Frameworks */,
				00E356EC1AD99517003FC87E /* Resources */,
				C59DA0FBD6956966B86A3779 /* [CP] Embed Pods Frameworks */,
				F6A41C54EA430FDDC6A6ED99 /* [CP] Copy Pods Resources */,
			);
			buildRules = (
			);
			dependencies = (
				00E356F51AD99517003FC87E /* PBXTargetDependency */,
			);
			name = MeteorBoilerplateTests;
			productName = MeteorBoilerplateTests;
			productReference = 00E356EE1AD99517003FC87E /* MeteorBoilerplateTests.xctest */;
			productType = "com.apple.product-type.bundle.unit-test";
		};
		13B07F861A680F5B00A75B9A /* MeteorBoilerplate */ = {
			isa = PBXNativeTarget;
			buildConfigurationList = 13B07F931A680F5B00A75B9A /* Build configuration list for PBXNativeTarget "MeteorBoilerplate" */;
			buildPhases = (
				C38B50BA6285516D6DCD4F65 /* [CP] Check Pods Manifest.lock */,
				FD10A7F022414F080027D42C /* Start Packager */,
				13B07F871A680F5B00A75B9A /* Sources */,
				13B07F8C1A680F5B00A75B9A /* Frameworks */,
				13B07F8E1A680F5B00A75B9A /* Resources */,
				00DD1BFF1BD5951E006B06BC /* Bundle React Native code and images */,
				00EEFC60759A1932668264C0 /* [CP] Embed Pods Frameworks */,
				E235C05ADACE081382539298 /* [CP] Copy Pods Resources */,
			);
			buildRules = (
			);
			dependencies = (
			);
			name = MeteorBoilerplate;
			productName = MeteorBoilerplate;
			productReference = 13B07F961A680F5B00A75B9A /* MeteorBoilerplate.app */;
			productType = "com.apple.product-type.application";
		};
/* End PBXNativeTarget section */

/* Begin PBXProject section */
		83CBB9F71A601CBA00E9B192 /* Project object */ = {
			isa = PBXProject;
			attributes = {
				LastUpgradeCheck = 1210;
				TargetAttributes = {
					00E356ED1AD99517003FC87E = {
						CreatedOnToolsVersion = 6.2;
						TestTargetID = 13B07F861A680F5B00A75B9A;
					};
					13B07F861A680F5B00A75B9A = {
						LastSwiftMigration = 1120;
					};
				};
			};
			buildConfigurationList = 83CBB9FA1A601CBA00E9B192 /* Build configuration list for PBXProject "MeteorBoilerplate" */;
			compatibilityVersion = "Xcode 12.0";
			developmentRegion = en;
			hasScannedForEncodings = 0;
			knownRegions = (
				en,
				Base,
			);
			mainGroup = 83CBB9F61A601CBA00E9B192;
			productRefGroup = 83CBBA001A601CBA00E9B192 /* Products */;
			projectDirPath = "";
			projectRoot = "";
			targets = (
				13B07F861A680F5B00A75B9A /* MeteorBoilerplate */,
				00E356ED1AD99517003FC87E /* MeteorBoilerplateTests */,
			);
		};
/* End PBXProject section */

/* Begin PBXResourcesBuildPhase section */
		00E356EC1AD99517003FC87E /* Resources */ = {
			isa = PBXResourcesBuildPhase;
			buildActionMask = 2147483647;
			files = (
			);
			runOnlyForDeploymentPostprocessing = 0;
		};
		13B07F8E1A680F5B00A75B9A /* Resources */ = {
			isa = PBXResourcesBuildPhase;
			buildActionMask = 2147483647;
			files = (
				D8C3BBAF2AC1342D000C94CC /* Octicons.ttf in Resources */,
				81AB9BB82411601600AC10FF /* LaunchScreen.storyboard in Resources */,
				D8C3BBB92AC1342D000C94CC /* FontAwesome5_Regular.ttf in Resources */,
				D8C3BBBC2AC1342D000C94CC /* EvilIcons.ttf in Resources */,
				D8C3BBB52AC1342D000C94CC /* AntDesign.ttf in Resources */,
				D8C3BBB62AC1342D000C94CC /* Foundation.ttf in Resources */,
				13B07FBF1A68108700A75B9A /* Images.xcassets in Resources */,
				D8C3BBB82AC1342D000C94CC /* FontAwesome5_Solid.ttf in Resources */,
				E7166730158E4A7BA8057CCC /* Montserrat-Black.ttf in Resources */,
				D2ABD19C857F48E0819DDA70 /* Montserrat-BlackItalic.ttf in Resources */,
				D8C3BBB32AC1342D000C94CC /* FontAwesome5_Brands.ttf in Resources */,
				EB26FF2092FD496596D5B087 /* Montserrat-Bold.ttf in Resources */,
				CB054E3EFBD2441B83AFC5D6 /* Montserrat-BoldItalic.ttf in Resources */,
				D8C3BBAE2AC1342D000C94CC /* Fontisto.ttf in Resources */,
				E10E266F0706464EB2E9ACAD /* Montserrat-ExtraBold.ttf in Resources */,
				3FBC064800BC4C3597863A56 /* Montserrat-ExtraBoldItalic.ttf in Resources */,
				981AB093C6394403B7A6213F /* Montserrat-ExtraLight.ttf in Resources */,
				D8C3BBC02AC1342D000C94CC /* MaterialIcons.ttf in Resources */,
				D8C3BBB12AC1342D000C94CC /* FontAwesome6_Regular.ttf in Resources */,
				D8C3BBBE2AC1342D000C94CC /* SimpleLineIcons.ttf in Resources */,
				68922CD84E934740BCB8805F /* Montserrat-ExtraLightItalic.ttf in Resources */,
				16837202FA7D4934B99A92BE /* Montserrat-Italic.ttf in Resources */,
				3D3334B985F74E11A5299421 /* Montserrat-Light.ttf in Resources */,
				D8C3BBBF2AC1342D000C94CC /* FontAwesome6_Brands.ttf in Resources */,
				716C910372604F07B888714B /* Montserrat-LightItalic.ttf in Resources */,
				D8C3BBB02AC1342D000C94CC /* Feather.ttf in Resources */,
				D8C3BBB72AC1342D000C94CC /* Ionicons.ttf in Resources */,
				D8C3BBBA2AC1342D000C94CC /* FontAwesome.ttf in Resources */,
				D6E55B4BEC7B4C10BB34624B /* Montserrat-Medium.ttf in Resources */,
				D8C3BBB22AC1342D000C94CC /* Entypo.ttf in Resources */,
				339FD7E80C6B407A97887496 /* Montserrat-MediumItalic.ttf in Resources */,
				ED4C059719A94A51AB8B01F2 /* Montserrat-Regular.ttf in Resources */,
				B88E4A864A594D798215BCCF /* Montserrat-SemiBold.ttf in Resources */,
				68D611F52CF34838AE79D624 /* Montserrat-SemiBoldItalic.ttf in Resources */,
				3899DE3F2E6B4B0386514AF6 /* Montserrat-Thin.ttf in Resources */,
				D8C3BBB42AC1342D000C94CC /* MaterialCommunityIcons.ttf in Resources */,
				D8C3BBBB2AC1342D000C94CC /* Zocial.ttf in Resources */,
				D8C3BBBD2AC1342D000C94CC /* FontAwesome6_Solid.ttf in Resources */,
				D94477E8ABC842919113D0A0 /* Montserrat-ThinItalic.ttf in Resources */,
			);
			runOnlyForDeploymentPostprocessing = 0;
		};
/* End PBXResourcesBuildPhase section */

/* Begin PBXShellScriptBuildPhase section */
		00DD1BFF1BD5951E006B06BC /* Bundle React Native code and images */ = {
			isa = PBXShellScriptBuildPhase;
			buildActionMask = 2147483647;
			files = (
			);
			inputPaths = (
				"$(SRCROOT)/.xcode.env.local",
				"$(SRCROOT)/.xcode.env",
			);
			name = "Bundle React Native code and images";
			outputPaths = (
			);
			runOnlyForDeploymentPostprocessing = 0;
			shellPath = /bin/sh;
			shellScript = "set -e\n\nWITH_ENVIRONMENT=\"../node_modules/react-native/scripts/xcode/with-environment.sh\"\nREACT_NATIVE_XCODE=\"../node_modules/react-native/scripts/react-native-xcode.sh\"\n\n/bin/sh -c \"$WITH_ENVIRONMENT $REACT_NATIVE_XCODE\"\n";
		};
		00EEFC60759A1932668264C0 /* [CP] Embed Pods Frameworks */ = {
			isa = PBXShellScriptBuildPhase;
			buildActionMask = 2147483647;
			files = (
			);
			inputFileListPaths = (
				"${PODS_ROOT}/Target Support Files/Pods-MeteorBoilerplate/Pods-MeteorBoilerplate-frameworks-${CONFIGURATION}-input-files.xcfilelist",
			);
			name = "[CP] Embed Pods Frameworks";
			outputFileListPaths = (
				"${PODS_ROOT}/Target Support Files/Pods-MeteorBoilerplate/Pods-MeteorBoilerplate-frameworks-${CONFIGURATION}-output-files.xcfilelist",
			);
			runOnlyForDeploymentPostprocessing = 0;
			shellPath = /bin/sh;
			shellScript = "\"${PODS_ROOT}/Target Support Files/Pods-MeteorBoilerplate/Pods-MeteorBoilerplate-frameworks.sh\"\n";
			showEnvVarsInLog = 0;
		};
		A55EABD7B0C7F3A422A6CC61 /* [CP] Check Pods Manifest.lock */ = {
			isa = PBXShellScriptBuildPhase;
			buildActionMask = 2147483647;
			files = (
			);
			inputFileListPaths = (
			);
			inputPaths = (
				"${PODS_PODFILE_DIR_PATH}/Podfile.lock",
				"${PODS_ROOT}/Manifest.lock",
			);
			name = "[CP] Check Pods Manifest.lock";
			outputFileListPaths = (
			);
			outputPaths = (
				"$(DERIVED_FILE_DIR)/Pods-MeteorBoilerplate-MeteorBoilerplateTests-checkManifestLockResult.txt",
			);
			runOnlyForDeploymentPostprocessing = 0;
			shellPath = /bin/sh;
			shellScript = "diff \"${PODS_PODFILE_DIR_PATH}/Podfile.lock\" \"${PODS_ROOT}/Manifest.lock\" > /dev/null\nif [ $? != 0 ] ; then\n    # print error to STDERR\n    echo \"error: The sandbox is not in sync with the Podfile.lock. Run 'pod install' or update your CocoaPods installation.\" >&2\n    exit 1\nfi\n# This output is used by Xcode 'outputs' to avoid re-running this script phase.\necho \"SUCCESS\" > \"${SCRIPT_OUTPUT_FILE_0}\"\n";
			showEnvVarsInLog = 0;
		};
		C38B50BA6285516D6DCD4F65 /* [CP] Check Pods Manifest.lock */ = {
			isa = PBXShellScriptBuildPhase;
			buildActionMask = 2147483647;
			files = (
			);
			inputFileListPaths = (
			);
			inputPaths = (
				"${PODS_PODFILE_DIR_PATH}/Podfile.lock",
				"${PODS_ROOT}/Manifest.lock",
			);
			name = "[CP] Check Pods Manifest.lock";
			outputFileListPaths = (
			);
			outputPaths = (
				"$(DERIVED_FILE_DIR)/Pods-MeteorBoilerplate-checkManifestLockResult.txt",
			);
			runOnlyForDeploymentPostprocessing = 0;
			shellPath = /bin/sh;
			shellScript = "diff \"${PODS_PODFILE_DIR_PATH}/Podfile.lock\" \"${PODS_ROOT}/Manifest.lock\" > /dev/null\nif [ $? != 0 ] ; then\n    # print error to STDERR\n    echo \"error: The sandbox is not in sync with the Podfile.lock. Run 'pod install' or update your CocoaPods installation.\" >&2\n    exit 1\nfi\n# This output is used by Xcode 'outputs' to avoid re-running this script phase.\necho \"SUCCESS\" > \"${SCRIPT_OUTPUT_FILE_0}\"\n";
			showEnvVarsInLog = 0;
		};
		C59DA0FBD6956966B86A3779 /* [CP] Embed Pods Frameworks */ = {
			isa = PBXShellScriptBuildPhase;
			buildActionMask = 2147483647;
			files = (
			);
			inputFileListPaths = (
				"${PODS_ROOT}/Target Support Files/Pods-MeteorBoilerplate-MeteorBoilerplateTests/Pods-MeteorBoilerplate-MeteorBoilerplateTests-frameworks-${CONFIGURATION}-input-files.xcfilelist",
			);
			name = "[CP] Embed Pods Frameworks";
			outputFileListPaths = (
				"${PODS_ROOT}/Target Support Files/Pods-MeteorBoilerplate-MeteorBoilerplateTests/Pods-MeteorBoilerplate-MeteorBoilerplateTests-frameworks-${CONFIGURATION}-output-files.xcfilelist",
			);
			runOnlyForDeploymentPostprocessing = 0;
			shellPath = /bin/sh;
			shellScript = "\"${PODS_ROOT}/Target Support Files/Pods-MeteorBoilerplate-MeteorBoilerplateTests/Pods-MeteorBoilerplate-MeteorBoilerplateTests-frameworks.sh\"\n";
			showEnvVarsInLog = 0;
		};
		E235C05ADACE081382539298 /* [CP] Copy Pods Resources */ = {
			isa = PBXShellScriptBuildPhase;
			buildActionMask = 2147483647;
			files = (
			);
			inputFileListPaths = (
				"${PODS_ROOT}/Target Support Files/Pods-MeteorBoilerplate/Pods-MeteorBoilerplate-resources-${CONFIGURATION}-input-files.xcfilelist",
			);
			name = "[CP] Copy Pods Resources";
			outputFileListPaths = (
				"${PODS_ROOT}/Target Support Files/Pods-MeteorBoilerplate/Pods-MeteorBoilerplate-resources-${CONFIGURATION}-output-files.xcfilelist",
			);
			runOnlyForDeploymentPostprocessing = 0;
			shellPath = /bin/sh;
			shellScript = "\"${PODS_ROOT}/Target Support Files/Pods-MeteorBoilerplate/Pods-MeteorBoilerplate-resources.sh\"\n";
			showEnvVarsInLog = 0;
		};
		F6A41C54EA430FDDC6A6ED99 /* [CP] Copy Pods Resources */ = {
			isa = PBXShellScriptBuildPhase;
			buildActionMask = 2147483647;
			files = (
			);
			inputFileListPaths = (
				"${PODS_ROOT}/Target Support Files/Pods-MeteorBoilerplate-MeteorBoilerplateTests/Pods-MeteorBoilerplate-MeteorBoilerplateTests-resources-${CONFIGURATION}-input-files.xcfilelist",
			);
			name = "[CP] Copy Pods Resources";
			outputFileListPaths = (
				"${PODS_ROOT}/Target Support Files/Pods-MeteorBoilerplate-MeteorBoilerplateTests/Pods-MeteorBoilerplate-MeteorBoilerplateTests-resources-${CONFIGURATION}-output-files.xcfilelist",
			);
			runOnlyForDeploymentPostprocessing = 0;
			shellPath = /bin/sh;
			shellScript = "\"${PODS_ROOT}/Target Support Files/Pods-MeteorBoilerplate-MeteorBoilerplateTests/Pods-MeteorBoilerplate-MeteorBoilerplateTests-resources.sh\"\n";
			showEnvVarsInLog = 0;
		};
		FD10A7F022414F080027D42C /* Start Packager */ = {
			isa = PBXShellScriptBuildPhase;
			buildActionMask = 2147483647;
			files = (
			);
			inputFileListPaths = (
			);
			inputPaths = (
			);
			name = "Start Packager";
			outputFileListPaths = (
			);
			outputPaths = (
			);
			runOnlyForDeploymentPostprocessing = 0;
			shellPath = /bin/sh;
			shellScript = "export RCT_METRO_PORT=\"${RCT_METRO_PORT:=8081}\"\necho \"export RCT_METRO_PORT=${RCT_METRO_PORT}\" > \"${SRCROOT}/../node_modules/react-native/scripts/.packager.env\"\nif [ -z \"${RCT_NO_LAUNCH_PACKAGER+xxx}\" ] ; then\n  if nc -w 5 -z localhost ${RCT_METRO_PORT} ; then\n    if ! curl -s \"http://localhost:${RCT_METRO_PORT}/status\" | grep -q \"packager-status:running\" ; then\n      echo \"Port ${RCT_METRO_PORT} already in use, packager is either not running or not running correctly\"\n      exit 2\n    fi\n  else\n    open \"$SRCROOT/../node_modules/react-native/scripts/launchPackager.command\" || echo \"Can't start packager automatically\"\n  fi\nfi\n";
			showEnvVarsInLog = 0;
		};
/* End PBXShellScriptBuildPhase section */

/* Begin PBXSourcesBuildPhase section */
		00E356EA1AD99517003FC87E /* Sources */ = {
			isa = PBXSourcesBuildPhase;
			buildActionMask = 2147483647;
			files = (
				00E356F31AD99517003FC87E /* MeteorBoilerplateTests.m in Sources */,
			);
			runOnlyForDeploymentPostprocessing = 0;
		};
		13B07F871A680F5B00A75B9A /* Sources */ = {
			isa = PBXSourcesBuildPhase;
			buildActionMask = 2147483647;
			files = (
				13B07FBC1A68108700A75B9A /* AppDelegate.mm in Sources */,
				13B07FC11A68108700A75B9A /* main.m in Sources */,
			);
			runOnlyForDeploymentPostprocessing = 0;
		};
/* End PBXSourcesBuildPhase section */

/* Begin PBXTargetDependency section */
		00E356F51AD99517003FC87E /* PBXTargetDependency */ = {
			isa = PBXTargetDependency;
			target = 13B07F861A680F5B00A75B9A /* MeteorBoilerplate */;
			targetProxy = 00E356F41AD99517003FC87E /* PBXContainerItemProxy */;
		};
/* End PBXTargetDependency section */

/* Begin XCBuildConfiguration section */
		00E356F61AD99517003FC87E /* Debug */ = {
			isa = XCBuildConfiguration;
			baseConfigurationReference = 5B7EB9410499542E8C5724F5 /* Pods-MeteorBoilerplate-MeteorBoilerplateTests.debug.xcconfig */;
			buildSettings = {
				BUNDLE_LOADER = "$(TEST_HOST)";
				GCC_PREPROCESSOR_DEFINITIONS = (
					"DEBUG=1",
					"$(inherited)",
				);
				INFOPLIST_FILE = MeteorBoilerplateTests/Info.plist;
				IPHONEOS_DEPLOYMENT_TARGET = 12.4;
				LD_RUNPATH_SEARCH_PATHS = (
					"$(inherited)",
					"@executable_path/Frameworks",
					"@loader_path/Frameworks",
				);
				OTHER_LDFLAGS = (
					"-ObjC",
					"-lc++",
					"$(inherited)",
				);
				PRODUCT_BUNDLE_IDENTIFIER = "org.reactjs.native.example.$(PRODUCT_NAME:rfc1034identifier)";
				PRODUCT_NAME = "$(TARGET_NAME)";
				TEST_HOST = "$(BUILT_PRODUCTS_DIR)/MeteorBoilerplate.app/MeteorBoilerplate";
			};
			name = Debug;
		};
		00E356F71AD99517003FC87E /* Release */ = {
			isa = XCBuildConfiguration;
			baseConfigurationReference = 89C6BE57DB24E9ADA2F236DE /* Pods-MeteorBoilerplate-MeteorBoilerplateTests.release.xcconfig */;
			buildSettings = {
				BUNDLE_LOADER = "$(TEST_HOST)";
				COPY_PHASE_STRIP = NO;
				INFOPLIST_FILE = MeteorBoilerplateTests/Info.plist;
				IPHONEOS_DEPLOYMENT_TARGET = 12.4;
				LD_RUNPATH_SEARCH_PATHS = (
					"$(inherited)",
					"@executable_path/Frameworks",
					"@loader_path/Frameworks",
				);
				OTHER_LDFLAGS = (
					"-ObjC",
					"-lc++",
					"$(inherited)",
				);
				PRODUCT_BUNDLE_IDENTIFIER = "org.reactjs.native.example.$(PRODUCT_NAME:rfc1034identifier)";
				PRODUCT_NAME = "$(TARGET_NAME)";
				TEST_HOST = "$(BUILT_PRODUCTS_DIR)/MeteorBoilerplate.app/MeteorBoilerplate";
			};
			name = Release;
		};
		13B07F941A680F5B00A75B9A /* Debug */ = {
			isa = XCBuildConfiguration;
			baseConfigurationReference = 3B4392A12AC88292D35C810B /* Pods-MeteorBoilerplate.debug.xcconfig */;
			buildSettings = {
				ASSETCATALOG_COMPILER_APPICON_NAME = AppIcon;
				CLANG_ENABLE_MODULES = YES;
				CURRENT_PROJECT_VERSION = 1;
				DEVELOPMENT_TEAM = 5PKBN83WF6;
				ENABLE_BITCODE = NO;
				INFOPLIST_FILE = MeteorBoilerplate/Info.plist;
				IPHONEOS_DEPLOYMENT_TARGET = 13.0;
				LD_RUNPATH_SEARCH_PATHS = (
					"$(inherited)",
					"@executable_path/Frameworks",
				);
				MARKETING_VERSION = 1.0;
				OTHER_LDFLAGS = (
					"$(inherited)",
					"-ObjC",
					"-lc++",
				);
				PRODUCT_BUNDLE_IDENTIFIER = com.meteor.example;
				PRODUCT_NAME = MeteorBoilerplate;
				SWIFT_OPTIMIZATION_LEVEL = "-Onone";
				SWIFT_VERSION = 5.0;
				VERSIONING_SYSTEM = "apple-generic";
			};
			name = Debug;
		};
		13B07F951A680F5B00A75B9A /* Release */ = {
			isa = XCBuildConfiguration;
			baseConfigurationReference = 5709B34CF0A7D63546082F79 /* Pods-MeteorBoilerplate.release.xcconfig */;
			buildSettings = {
				ASSETCATALOG_COMPILER_APPICON_NAME = AppIcon;
				CLANG_ENABLE_MODULES = YES;
				CURRENT_PROJECT_VERSION = 1;
				DEVELOPMENT_TEAM = 5PKBN83WF6;
				INFOPLIST_FILE = MeteorBoilerplate/Info.plist;
				IPHONEOS_DEPLOYMENT_TARGET = 13.0;
				LD_RUNPATH_SEARCH_PATHS = (
					"$(inherited)",
					"@executable_path/Frameworks",
				);
				MARKETING_VERSION = 1.0;
				OTHER_LDFLAGS = (
					"$(inherited)",
					"-ObjC",
					"-lc++",
				);
				PRODUCT_BUNDLE_IDENTIFIER = com.meteor.example;
				PRODUCT_NAME = MeteorBoilerplate;
				SWIFT_VERSION = 5.0;
				VERSIONING_SYSTEM = "apple-generic";
			};
			name = Release;
		};
		83CBBA201A601CBA00E9B192 /* Debug */ = {
			isa = XCBuildConfiguration;
			buildSettings = {
				ALWAYS_SEARCH_USER_PATHS = NO;
				CLANG_ANALYZER_LOCALIZABILITY_NONLOCALIZED = YES;
				CLANG_CXX_LANGUAGE_STANDARD = "c++17";
				CLANG_CXX_LIBRARY = "libc++";
				CLANG_ENABLE_MODULES = YES;
				CLANG_ENABLE_OBJC_ARC = YES;
				CLANG_WARN_BLOCK_CAPTURE_AUTORELEASING = YES;
				CLANG_WARN_BOOL_CONVERSION = YES;
				CLANG_WARN_COMMA = YES;
				CLANG_WARN_CONSTANT_CONVERSION = YES;
				CLANG_WARN_DEPRECATED_OBJC_IMPLEMENTATIONS = YES;
				CLANG_WARN_DIRECT_OBJC_ISA_USAGE = YES_ERROR;
				CLANG_WARN_EMPTY_BODY = YES;
				CLANG_WARN_ENUM_CONVERSION = YES;
				CLANG_WARN_INFINITE_RECURSION = YES;
				CLANG_WARN_INT_CONVERSION = YES;
				CLANG_WARN_NON_LITERAL_NULL_CONVERSION = YES;
				CLANG_WARN_OBJC_IMPLICIT_RETAIN_SELF = YES;
				CLANG_WARN_OBJC_LITERAL_CONVERSION = YES;
				CLANG_WARN_OBJC_ROOT_CLASS = YES_ERROR;
				CLANG_WARN_QUOTED_INCLUDE_IN_FRAMEWORK_HEADER = YES;
				CLANG_WARN_RANGE_LOOP_ANALYSIS = YES;
				CLANG_WARN_STRICT_PROTOTYPES = YES;
				CLANG_WARN_SUSPICIOUS_MOVE = YES;
				CLANG_WARN_UNREACHABLE_CODE = YES;
				CLANG_WARN__DUPLICATE_METHOD_MATCH = YES;
				"CODE_SIGN_IDENTITY[sdk=iphoneos*]" = "iPhone Developer";
				COPY_PHASE_STRIP = NO;
				ENABLE_STRICT_OBJC_MSGSEND = YES;
				ENABLE_TESTABILITY = YES;
				"EXCLUDED_ARCHS[sdk=iphonesimulator*]" = i386;
				GCC_C_LANGUAGE_STANDARD = gnu99;
				GCC_DYNAMIC_NO_PIC = NO;
				GCC_NO_COMMON_BLOCKS = YES;
				GCC_OPTIMIZATION_LEVEL = 0;
				GCC_PREPROCESSOR_DEFINITIONS = (
					"DEBUG=1",
					"$(inherited)",
					_LIBCPP_ENABLE_CXX17_REMOVED_UNARY_BINARY_FUNCTION,
				);
				GCC_SYMBOLS_PRIVATE_EXTERN = NO;
				GCC_WARN_64_TO_32_BIT_CONVERSION = YES;
				GCC_WARN_ABOUT_RETURN_TYPE = YES_ERROR;
				GCC_WARN_UNDECLARED_SELECTOR = YES;
				GCC_WARN_UNINITIALIZED_AUTOS = YES_AGGRESSIVE;
				GCC_WARN_UNUSED_FUNCTION = YES;
				GCC_WARN_UNUSED_VARIABLE = YES;
				IPHONEOS_DEPLOYMENT_TARGET = 12.4;
				LD_RUNPATH_SEARCH_PATHS = (
					/usr/lib/swift,
					"$(inherited)",
				);
				LIBRARY_SEARCH_PATHS = (
					"\"$(SDKROOT)/usr/lib/swift\"",
					"\"$(TOOLCHAIN_DIR)/usr/lib/swift/$(PLATFORM_NAME)\"",
					"\"$(inherited)\"",
				);
				MTL_ENABLE_DEBUG_INFO = YES;
				ONLY_ACTIVE_ARCH = YES;
				OTHER_CFLAGS = "$(inherited)";
				OTHER_CPLUSPLUSFLAGS = (
					"$(OTHER_CFLAGS)",
					"-DFOLLY_NO_CONFIG",
					"-DFOLLY_MOBILE=1",
					"-DFOLLY_USE_LIBCPP=1",
				);
				OTHER_LDFLAGS = (
					"$(inherited)",
					"-Wl",
					"-ld_classic",
				);
				REACT_NATIVE_PATH = "${PODS_ROOT}/../../node_modules/react-native";
				SDKROOT = iphoneos;
			};
			name = Debug;
		};
		83CBBA211A601CBA00E9B192 /* Release */ = {
			isa = XCBuildConfiguration;
			buildSettings = {
				ALWAYS_SEARCH_USER_PATHS = NO;
				CLANG_ANALYZER_LOCALIZABILITY_NONLOCALIZED = YES;
				CLANG_CXX_LANGUAGE_STANDARD = "c++17";
				CLANG_CXX_LIBRARY = "libc++";
				CLANG_ENABLE_MODULES = YES;
				CLANG_ENABLE_OBJC_ARC = YES;
				CLANG_WARN_BLOCK_CAPTURE_AUTORELEASING = YES;
				CLANG_WARN_BOOL_CONVERSION = YES;
				CLANG_WARN_COMMA = YES;
				CLANG_WARN_CONSTANT_CONVERSION = YES;
				CLANG_WARN_DEPRECATED_OBJC_IMPLEMENTATIONS = YES;
				CLANG_WARN_DIRECT_OBJC_ISA_USAGE = YES_ERROR;
				CLANG_WARN_EMPTY_BODY = YES;
				CLANG_WARN_ENUM_CONVERSION = YES;
				CLANG_WARN_INFINITE_RECURSION = YES;
				CLANG_WARN_INT_CONVERSION = YES;
				CLANG_WARN_NON_LITERAL_NULL_CONVERSION = YES;
				CLANG_WARN_OBJC_IMPLICIT_RETAIN_SELF = YES;
				CLANG_WARN_OBJC_LITERAL_CONVERSION = YES;
				CLANG_WARN_OBJC_ROOT_CLASS = YES_ERROR;
				CLANG_WARN_QUOTED_INCLUDE_IN_FRAMEWORK_HEADER = YES;
				CLANG_WARN_RANGE_LOOP_ANALYSIS = YES;
				CLANG_WARN_STRICT_PROTOTYPES = YES;
				CLANG_WARN_SUSPICIOUS_MOVE = YES;
				CLANG_WARN_UNREACHABLE_CODE = YES;
				CLANG_WARN__DUPLICATE_METHOD_MATCH = YES;
				"CODE_SIGN_IDENTITY[sdk=iphoneos*]" = "iPhone Developer";
				COPY_PHASE_STRIP = YES;
				ENABLE_NS_ASSERTIONS = NO;
				ENABLE_STRICT_OBJC_MSGSEND = YES;
				"EXCLUDED_ARCHS[sdk=iphonesimulator*]" = i386;
				GCC_C_LANGUAGE_STANDARD = gnu99;
				GCC_NO_COMMON_BLOCKS = YES;
				GCC_PREPROCESSOR_DEFINITIONS = (
					"$(inherited)",
					_LIBCPP_ENABLE_CXX17_REMOVED_UNARY_BINARY_FUNCTION,
				);
				GCC_WARN_64_TO_32_BIT_CONVERSION = YES;
				GCC_WARN_ABOUT_RETURN_TYPE = YES_ERROR;
				GCC_WARN_UNDECLARED_SELECTOR = YES;
				GCC_WARN_UNINITIALIZED_AUTOS = YES_AGGRESSIVE;
				GCC_WARN_UNUSED_FUNCTION = YES;
				GCC_WARN_UNUSED_VARIABLE = YES;
				IPHONEOS_DEPLOYMENT_TARGET = 12.4;
				LD_RUNPATH_SEARCH_PATHS = (
					/usr/lib/swift,
					"$(inherited)",
				);
				LIBRARY_SEARCH_PATHS = (
					"\"$(SDKROOT)/usr/lib/swift\"",
					"\"$(TOOLCHAIN_DIR)/usr/lib/swift/$(PLATFORM_NAME)\"",
					"\"$(inherited)\"",
				);
				MTL_ENABLE_DEBUG_INFO = NO;
				OTHER_CFLAGS = "$(inherited)";
				OTHER_CPLUSPLUSFLAGS = (
					"$(OTHER_CFLAGS)",
					"-DFOLLY_NO_CONFIG",
					"-DFOLLY_MOBILE=1",
					"-DFOLLY_USE_LIBCPP=1",
				);
				OTHER_LDFLAGS = (
					"$(inherited)",
					"-Wl",
					"-ld_classic",
				);
				REACT_NATIVE_PATH = "${PODS_ROOT}/../../node_modules/react-native";
				SDKROOT = iphoneos;
				VALIDATE_PRODUCT = YES;
			};
			name = Release;
		};
/* End XCBuildConfiguration section */

/* Begin XCConfigurationList section */
		00E357021AD99517003FC87E /* Build configuration list for PBXNativeTarget "MeteorBoilerplateTests" */ = {
			isa = XCConfigurationList;
			buildConfigurations = (
				00E356F61AD99517003FC87E /* Debug */,
				00E356F71AD99517003FC87E /* Release */,
			);
			defaultConfigurationIsVisible = 0;
			defaultConfigurationName = Release;
		};
		13B07F931A680F5B00A75B9A /* Build configuration list for PBXNativeTarget "MeteorBoilerplate" */ = {
			isa = XCConfigurationList;
			buildConfigurations = (
				13B07F941A680F5B00A75B9A /* Debug */,
				13B07F951A680F5B00A75B9A /* Release */,
			);
			defaultConfigurationIsVisible = 0;
			defaultConfigurationName = Release;
		};
		83CBB9FA1A601CBA00E9B192 /* Build configuration list for PBXProject "MeteorBoilerplate" */ = {
			isa = XCConfigurationList;
			buildConfigurations = (
				83CBBA201A601CBA00E9B192 /* Debug */,
				83CBBA211A601CBA00E9B192 /* Release */,
			);
			defaultConfigurationIsVisible = 0;
			defaultConfigurationName = Release;
		};
/* End XCConfigurationList section */
	};
	rootObject = 83CBB9F71A601CBA00E9B192 /* Project object */;
}
